
Microsoft Visual Studio Solution File, Format Version 12.00
# Visual Studio Version 17
VisualStudioVersion = 17.4.33110.190
MinimumVisualStudioVersion = 10.0.40219.1
Project("{FAE04EC0-301F-11D3-BF4B-00C04F79EFBC}") = "K1_Restaurant", "K1_Restaurant\K1_Restaurant.csproj", "{F5582E48-255C-4926-9DB2-1B4620791F47}"
EndProject
Global
	GlobalSection(SolutionConfigurationPlatforms) = preSolution
		Debug|Any CPU = Debug|Any CPU
		Release|Any CPU = Release|Any CPU
	EndGlobalSection
	GlobalSection(ProjectConfigurationPlatforms) = postSolution
		{F5582E48-255C-4926-9DB2-1B4620791F47}.Debug|Any CPU.ActiveCfg = Debug|Any CPU
		{F5582E48-255C-4926-9DB2-1B4620791F47}.Debug|Any CPU.Build.0 = Debug|Any CPU
		{F5582E48-255C-4926-9DB2-1B4620791F47}.Release|Any CPU.ActiveCfg = Release|Any CPU
		{F5582E48-255C-4926-9DB2-1B4620791F47}.Release|Any CPU.Build.0 = Release|Any CPU
	EndGlobalSection
	GlobalSection(SolutionProperties) = preSolution
		HideSolutionNode = FALSE
	EndGlobalSection
	GlobalSection(ExtensibilityGlobals) = postSolution
		SolutionGuid = {3881BE8D-6E80-4CB4-978A-52F82769ED7A}
	EndGlobalSection
EndGlobal
